{
  "name": "magicsniffer",
  "version": "0.1.0",
  "lockfileVersion": 2,
  "requires": true,
  "packages": {
    "": {
      "name": "magicsniffer",
      "version": "0.1.0",
      "license": "MIT",
      "dependencies": {
        "node-kcp-token": "github:Akiko97/node-kcp",
        "pcap-parser": "^0.2.1"
      }
    },
    "node_modules/nan": {
      "version": "2.17.0",
      "resolved": "https://registry.npmjs.org/nan/-/nan-2.17.0.tgz",
      "integrity": "sha512-2ZTgtl0nJsO0KQCjEpxcIr5D+Yv90plTitZt9JBfQvVJDS5seMl3FOvsh3+9CoYWXf/1l5OaZzzF6nDm4cagaQ=="
    },
    "node_modules/node-kcp-token": {
      "version": "1.0.12",
      "resolved": "git+ssh://git@github.com/Akiko97/node-kcp.git#4437b6ae2ad1ea45798bbf2e785bc1e054ad4c31",
      "hasInstallScript": true,
      "license": "Apache-2.0",
      "dependencies": {
        "nan": "^2.15.0"
      }
    },
    "node_modules/pcap-parser": {
      "version": "0.2.1",
      "resolved": "https://registry.npmjs.org/pcap-parser/-/pcap-parser-0.2.1.tgz",
      "integrity": "sha512-+1t1GiMpEHI+MFub/mpCmfpyU4oVOyn4h71Zp5GqC/2uv0yteM6MghazKBQMkNXgmmsCPT1JUMfqsF03cYjnyw==",
      "engines": {
        "node": ">=0.6.0"
      }
    }
  },
  "dependencies": {
    "nan": {
      "version": "2.17.0",
      "resolved": "https://registry.npmjs.org/nan/-/nan-2.17.0.tgz",
      "integrity": "sha512-2ZTgtl0nJsO0KQCjEpxcIr5D+Yv90plTitZt9JBfQvVJDS5seMl3FOvsh3+9CoYWXf/1l5OaZzzF6nDm4cagaQ=="
    },
    "node-kcp-token": {
      "version": "git+ssh://git@github.com/Akiko97/node-kcp.git#4437b6ae2ad1ea45798bbf2e785bc1e054ad4c31",
      "from": "node-kcp-token@github:Akiko97/node-kcp",
      "requires": {
        "nan": "^2.15.0"
      }
    },
    "pcap-parser": {
      "version": "0.2.1",
      "resolved": "https://registry.npmjs.org/pcap-parser/-/pcap-parser-0.2.1.tgz",
      "integrity": "sha512-+1t1GiMpEHI+MFub/mpCmfpyU4oVOyn4h71Zp5GqC/2uv0yteM6MghazKBQMkNXgmmsCPT1JUMfqsF03cYjnyw=="
    }
  }
}
